{
  "version": 4,
  "terraform_version": "1.4.6",
  "serial": 39,
  "lineage": "f5485369-8e64-cbe3-027d-1b01f9c96871",
  "outputs": {},
  "resources": [
    {
      "mode": "managed",
      "type": "aws_instance",
      "name": "dove-inst",
      "provider": "provider[\"registry.terraform.io/hashicorp/aws\"]",
      "instances": [
        {
          "schema_version": 1,
          "attributes": {
            "ami": "ami-0b08bfc6ff7069aff",
            "arn": "arn:aws:ec2:ap-south-1:729731079522:instance/i-0fc91cc113a3bf518",
            "associate_public_ip_address": true,
            "availability_zone": "ap-south-1a",
            "capacity_reservation_specification": [
              {
                "capacity_reservation_preference": "open",
                "capacity_reservation_target": []
              }
            ],
            "cpu_core_count": 1,
            "cpu_options": [
              {
                "amd_sev_snp": "",
                "core_count": 1,
                "threads_per_core": 1
              }
            ],
            "cpu_threads_per_core": 1,
            "credit_specification": [
              {
                "cpu_credits": "standard"
              }
            ],
            "disable_api_stop": false,
            "disable_api_termination": false,
            "ebs_block_device": [],
            "ebs_optimized": false,
            "enclave_options": [
              {
                "enabled": false
              }
            ],
            "ephemeral_block_device": [],
            "get_password_data": false,
            "hibernation": false,
            "host_id": "",
            "host_resource_group_arn": null,
            "iam_instance_profile": "",
            "id": "i-0fc91cc113a3bf518",
            "instance_initiated_shutdown_behavior": "stop",
            "instance_state": "running",
            "instance_type": "t2.micro",
            "ipv6_address_count": 0,
            "ipv6_addresses": [],
            "key_name": "dovekey",
            "launch_template": [],
            "maintenance_options": [
              {
                "auto_recovery": "default"
              }
            ],
            "metadata_options": [
              {
                "http_endpoint": "enabled",
                "http_put_response_hop_limit": 2,
                "http_tokens": "required",
                "instance_metadata_tags": "disabled"
              }
            ],
            "monitoring": false,
            "network_interface": [],
            "outpost_arn": "",
            "password_data": "",
            "placement_group": "",
            "placement_partition_number": 0,
            "primary_network_interface_id": "eni-0b7b2aa9e12bdeae7",
            "private_dns": "ip-172-31-33-55.ap-south-1.compute.internal",
            "private_dns_name_options": [
              {
                "enable_resource_name_dns_a_record": false,
                "enable_resource_name_dns_aaaa_record": false,
                "hostname_type": "ip-name"
              }
            ],
            "private_ip": "172.31.33.55",
            "public_dns": "ec2-13-126-55-150.ap-south-1.compute.amazonaws.com",
            "public_ip": "13.126.55.150",
            "root_block_device": [
              {
                "delete_on_termination": true,
                "device_name": "/dev/xvda",
                "encrypted": false,
                "iops": 3000,
                "kms_key_id": "",
                "tags": {},
                "throughput": 125,
                "volume_id": "vol-0bfb58627f3e9d719",
                "volume_size": 8,
                "volume_type": "gp3"
              }
            ],
            "secondary_private_ips": [],
            "security_groups": [
              "kops-sg"
            ],
            "source_dest_check": true,
            "subnet_id": "subnet-0ee7036825fb84e14",
            "tags": {
              "Name": "Dove-Instance",
              "Project": "Dove"
            },
            "tags_all": {
              "Name": "Dove-Instance",
              "Project": "Dove"
            },
            "tenancy": "default",
            "timeouts": null,
            "user_data": null,
            "user_data_base64": null,
            "user_data_replace_on_change": false,
            "volume_tags": null,
            "vpc_security_group_ids": [
              "sg-061c819b13d517741"
            ]
          },
          "sensitive_attributes": [],
          "private": "eyJlMmJmYjczMC1lY2FhLTExZTYtOGY4OC0zNDM2M2JjN2M0YzAiOnsiY3JlYXRlIjo2MDAwMDAwMDAwMDAsImRlbGV0ZSI6MTIwMDAwMDAwMDAwMCwidXBkYXRlIjo2MDAwMDAwMDAwMDB9LCJzY2hlbWFfdmVyc2lvbiI6IjEifQ=="
        }
      ]
    },
    {
      "mode": "managed",
      "type": "aws_key_pair",
      "name": "dove-key",
      "provider": "provider[\"registry.terraform.io/hashicorp/aws\"]",
      "instances": [
        {
          "schema_version": 1,
          "attributes": {
            "arn": "arn:aws:ec2:ap-south-1:729731079522:key-pair/dovekey",
            "fingerprint": "71:d1:da:01:8e:e7:17:7a:a8:b1:05:c3:fe:97:ac:06",
            "id": "dovekey",
            "key_name": "dovekey",
            "key_name_prefix": "",
            "key_pair_id": "key-0f0f1e24cc705d426",
            "key_type": "rsa",
            "public_key": "ssh-rsa AAAAB3NzaC1yc2EAAAADAQABAAABgQDTlGw7ptwmh6ncDLsOTX+Z1Lns4XeQD03YpnN0aU9bpoEhmJ6mTd64l5QbnYKJJF/cRVmJdP+GrVg+wY+bhWMt4scp0Ky96+Uylj61tb0IN7UUMeQhX/wJ8WtaKzXe/94HyVjG0mlOHHg/PSNvPz1+CMc72Ly7XwmqTnFgC9bCnbJFk2zXtQFaGk+ot6t4xW5GSBiZaY/oNAguMxKJUthcds1fV18EnrDuNKWarweDhGokNG31gHNu97g2cTWZtsNOEGBTAehm2YpAG5Urz76II+OabCX2Eu3w4W4tXM8UfcKyMY6fQJHuEkhS7DhqxcedEqz5dftbUqGv74j/9BWCaqxW5P7sK7psvDJp8pry9Ep2IY7kupsd2k+WNaywZDH6SwBW72N9Tjq0XM/ij7xPl0I7OMlBiZqMyHSIIIg3/LFoze0Xk0BqCXaMsiXm80T6kHVpj2S0Z9LcZyaJrERovA1vZowzA7awd6LbVeP2Saq98zL7hncdv294eb3jeJs= EAD+kpanda7@IN-PF2S7JP8",
            "tags": {},
            "tags_all": {}
          },
          "sensitive_attributes": [],
          "private": "eyJzY2hlbWFfdmVyc2lvbiI6IjEifQ=="
        }
      ]
    }
  ],
  "check_results": null
}
